{
  "object": {
    "pins": [
      {
        "package": "MyFonts",
        "repositoryURL": "https://github.com/orleonedev/MyFonts.git",
        "state": {
          "branch": "main",
          "revision": "550f5544e2113a196aac5a72c75f2fa6a3977c33",
          "version": null
        }
      }
    ]
  },
  "version": 1
}
